
Microsoft Visual Studio Solution File, Format Version 12.00
# Visual Studio Version 17
VisualStudioVersion = 17.7.34003.232
MinimumVisualStudioVersion = 10.0.40219.1
Project("{9A19103F-16F7-4668-BE54-9A1E7A4F7556}") = "UrlShorter", "UrlShorter\UrlShorter.csproj", "{44A30AA3-87E5-4117-91F2-A56FF6556DBD}"
EndProject
Project("{2150E333-8FDC-42A3-9474-1A3956D46DE8}") = "entities", "entities", "{62CE267C-7E02-47C0-B6DC-29DD2CF3C049}"
EndProject
Global
	GlobalSection(SolutionConfigurationPlatforms) = preSolution
		Debug|Any CPU = Debug|Any CPU
		Release|Any CPU = Release|Any CPU
	EndGlobalSection
	GlobalSection(ProjectConfigurationPlatforms) = postSolution
		{44A30AA3-87E5-4117-91F2-A56FF6556DBD}.Debug|Any CPU.ActiveCfg = Debug|Any CPU
		{44A30AA3-87E5-4117-91F2-A56FF6556DBD}.Debug|Any CPU.Build.0 = Debug|Any CPU
		{44A30AA3-87E5-4117-91F2-A56FF6556DBD}.Release|Any CPU.ActiveCfg = Release|Any CPU
		{44A30AA3-87E5-4117-91F2-A56FF6556DBD}.Release|Any CPU.Build.0 = Release|Any CPU
	EndGlobalSection
	GlobalSection(SolutionProperties) = preSolution
		HideSolutionNode = FALSE
	EndGlobalSection
	GlobalSection(ExtensibilityGlobals) = postSolution
		SolutionGuid = {5D380849-493F-429B-B930-AB2B3CFF4FA7}
	EndGlobalSection
EndGlobal
